// !$*UTF8*$!
{
	archiveVersion = 1;
	classes = {
	};
	objectVersion = 46;
	objects = {

/* Begin PBXBuildFile section */
		52982AE7214627E6001F136E /* AppDelegate.swift in Sources */ = {isa = PBXBuildFile; fileRef = 52982AE6214627E6001F136E /* AppDelegate.swift */; };
		52982AE9214627E6001F136E /* ViewController.swift in Sources */ = {isa = PBXBuildFile; fileRef = 52982AE8214627E6001F136E /* ViewController.swift */; };
		52982AEC214627E6001F136E /* Main.storyboard in Resources */ = {isa = PBXBuildFile; fileRef = 52982AEA214627E6001F136E /* Main.storyboard */; };
		52982AEE214627E6001F136E /* Assets.xcassets in Resources */ = {isa = PBXBuildFile; fileRef = 52982AED214627E6001F136E /* Assets.xcassets */; };
		52982AF1214627E6001F136E /* LaunchScreen.storyboard in Resources */ = {isa = PBXBuildFile; fileRef = 52982AEF214627E6001F136E /* LaunchScreen.storyboard */; };
		52982AFC214627E6001F136E /* UISplitViewController_MasterDetailTemplate_v2Tests.swift in Sources */ = {isa = PBXBuildFile; fileRef = 52982AFB214627E6001F136E /* UISplitViewController_MasterDetailTemplate_v2Tests.swift */; };
		52982B07214627E6001F136E /* UISplitViewController_MasterDetailTemplate_v2UITests.swift in Sources */ = {isa = PBXBuildFile; fileRef = 52982B06214627E6001F136E /* UISplitViewController_MasterDetailTemplate_v2UITests.swift */; };
/* End PBXBuildFile section */

/* Begin PBXContainerItemProxy section */
		52982AF8214627E6001F136E /* PBXContainerItemProxy */ = {
			isa = PBXContainerItemProxy;
			containerPortal = 52982ADB214627E6001F136E /* Project object */;
			proxyType = 1;
			remoteGlobalIDString = 52982AE2214627E6001F136E;
			remoteInfo = UISplitViewController_MasterDetailTemplate_v2;
		};
		52982B03214627E6001F136E /* PBXContainerItemProxy */ = {
			isa = PBXContainerItemProxy;
			containerPortal = 52982ADB214627E6001F136E /* Project object */;
			proxyType = 1;
			remoteGlobalIDString = 52982AE2214627E6001F136E;
			remoteInfo = UISplitViewController_MasterDetailTemplate_v2;
		};
/* End PBXContainerItemProxy section */

/* Begin PBXFileReference section */
		52982AE3214627E6001F136E /* UISplitViewController_MasterDetailTemplate_v2.app */ = {isa = PBXFileReference; explicitFileType = wrapper.application; includeInIndex = 0; path = UISplitViewController_MasterDetailTemplate_v2.app; sourceTree = BUILT_PRODUCTS_DIR; };
		52982AE6214627E6001F136E /* AppDelegate.swift */ = {isa = PBXFileReference; lastKnownFileType = sourcecode.swift; path = AppDelegate.swift; sourceTree = "<group>"; };
		52982AE8214627E6001F136E /* ViewController.swift */ = {isa = PBXFileReference; lastKnownFileType = sourcecode.swift; path = ViewController.swift; sourceTree = "<group>"; };
		52982AEB214627E6001F136E /* Base */ = {isa = PBXFileReference; lastKnownFileType = file.storyboard; name = Base; path = Base.lproj/Main.storyboard; sourceTree = "<group>"; };
		52982AED214627E6001F136E /* Assets.xcassets */ = {isa = PBXFileReference; lastKnownFileType = folder.assetcatalog; path = Assets.xcassets; sourceTree = "<group>"; };
		52982AF0214627E6001F136E /* Base */ = {isa = PBXFileReference; lastKnownFileType = file.storyboard; name = Base; path = Base.lproj/LaunchScreen.storyboard; sourceTree = "<group>"; };
		52982AF2214627E6001F136E /* Info.plist */ = {isa = PBXFileReference; lastKnownFileType = text.plist.xml; path = Info.plist; sourceTree = "<group>"; };
		52982AF7214627E6001F136E /* UISplitViewController_MasterDetailTemplate_v2Tests.xctest */ = {isa = PBXFileReference; explicitFileType = wrapper.cfbundle; includeInIndex = 0; path = UISplitViewController_MasterDetailTemplate_v2Tests.xctest; sourceTree = BUILT_PRODUCTS_DIR; };
		52982AFB214627E6001F136E /* UISplitViewController_MasterDetailTemplate_v2Tests.swift */ = {isa = PBXFileReference; lastKnownFileType = sourcecode.swift; path = UISplitViewController_MasterDetailTemplate_v2Tests.swift; sourceTree = "<group>"; };
		52982AFD214627E6001F136E /* Info.plist */ = {isa = PBXFileReference; lastKnownFileType = text.plist.xml; path = Info.plist; sourceTree = "<group>"; };
		52982B02214627E6001F136E /* UISplitViewController_MasterDetailTemplate_v2UITests.xctest */ = {isa = PBXFileReference; explicitFileType = wrapper.cfbundle; includeInIndex = 0; path = UISplitViewController_MasterDetailTemplate_v2UITests.xctest; sourceTree = BUILT_PRODUCTS_DIR; };
		52982B06214627E6001F136E /* UISplitViewController_MasterDetailTemplate_v2UITests.swift */ = {isa = PBXFileReference; lastKnownFileType = sourcecode.swift; path = UISplitViewController_MasterDetailTemplate_v2UITests.swift; sourceTree = "<group>"; };
		52982B08214627E6001F136E /* Info.plist */ = {isa = PBXFileReference; lastKnownFileType = text.plist.xml; path = Info.plist; sourceTree = "<group>"; };
/* End PBXFileReference section */

/* Begin PBXFrameworksBuildPhase section */
		52982AE0214627E6001F136E /* Frameworks */ = {
			isa = PBXFrameworksBuildPhase;
			buildActionMask = 2147483647;
			files = (
			);
			runOnlyForDeploymentPostprocessing = 0;
		};
		52982AF4214627E6001F136E /* Frameworks */ = {
			isa = PBXFrameworksBuildPhase;
			buildActionMask = 2147483647;
			files = (
			);
			runOnlyForDeploymentPostprocessing = 0;
		};
		52982AFF214627E6001F136E /* Frameworks */ = {
			isa = PBXFrameworksBuildPhase;
			buildActionMask = 2147483647;
			files = (
			);
			runOnlyForDeploymentPostprocessing = 0;
		};
/* End PBXFrameworksBuildPhase section */

/* Begin PBXGroup section */
		52982ADA214627E6001F136E = {
			isa = PBXGroup;
			children = (
				52982AE5214627E6001F136E /* UISplitViewController_MasterDetailTemplate_v2 */,
				52982AFA214627E6001F136E /* UISplitViewController_MasterDetailTemplate_v2Tests */,
				52982B05214627E6001F136E /* UISplitViewController_MasterDetailTemplate_v2UITests */,
				52982AE4214627E6001F136E /* Products */,
			);
			sourceTree = "<group>";
		};
		52982AE4214627E6001F136E /* Products */ = {
			isa = PBXGroup;
			children = (
				52982AE3214627E6001F136E /* UISplitViewController_MasterDetailTemplate_v2.app */,
				52982AF7214627E6001F136E /* UISplitViewController_MasterDetailTemplate_v2Tests.xctest */,
				52982B02214627E6001F136E /* UISplitViewController_MasterDetailTemplate_v2UITests.xctest */,
			);
			name = Products;
			sourceTree = "<group>";
		};
		52982AE5214627E6001F136E /* UISplitViewController_MasterDetailTemplate_v2 */ = {
			isa = PBXGroup;
			children = (
				52982AE6214627E6001F136E /* AppDelegate.swift */,
				52982AE8214627E6001F136E /* ViewController.swift */,
				52982AEA214627E6001F136E /* Main.storyboard */,
				52982AED214627E6001F136E /* Assets.xcassets */,
				52982AEF214627E6001F136E /* LaunchScreen.storyboard */,
				52982AF2214627E6001F136E /* Info.plist */,
			);
			path = UISplitViewController_MasterDetailTemplate_v2;
			sourceTree = "<group>";
		};
		52982AFA214627E6001F136E /* UISplitViewController_MasterDetailTemplate_v2Tests */ = {
			isa = PBXGroup;
			children = (
				52982AFB214627E6001F136E /* UISplitViewController_MasterDetailTemplate_v2Tests.swift */,
				52982AFD214627E6001F136E /* Info.plist */,
			);
			path = UISplitViewController_MasterDetailTemplate_v2Tests;
			sourceTree = "<group>";
		};
		52982B05214627E6001F136E /* UISplitViewController_MasterDetailTemplate_v2UITests */ = {
			isa = PBXGroup;
			children = (
				52982B06214627E6001F136E /* UISplitViewController_MasterDetailTemplate_v2UITests.swift */,
				52982B08214627E6001F136E /* Info.plist */,
			);
			path = UISplitViewController_MasterDetailTemplate_v2UITests;
			sourceTree = "<group>";
		};
/* End PBXGroup section */

/* Begin PBXNativeTarget section */
		52982AE2214627E6001F136E /* UISplitViewController_MasterDetailTemplate_v2 */ = {
			isa = PBXNativeTarget;
			buildConfigurationList = 52982B0B214627E6001F136E /* Build configuration list for PBXNativeTarget "UISplitViewController_MasterDetailTemplate_v2" */;
			buildPhases = (
				52982ADF214627E6001F136E /* Sources */,
				52982AE0214627E6001F136E /* Frameworks */,
				52982AE1214627E6001F136E /* Resources */,
			);
			buildRules = (
			);
			dependencies = (
			);
			name = UISplitViewController_MasterDetailTemplate_v2;
			productName = UISplitViewController_MasterDetailTemplate_v2;
			productReference = 52982AE3214627E6001F136E /* UISplitViewController_MasterDetailTemplate_v2.app */;
			productType = "com.apple.product-type.application";
		};
		52982AF6214627E6001F136E /* UISplitViewController_MasterDetailTemplate_v2Tests */ = {
			isa = PBXNativeTarget;
			buildConfigurationList = 52982B0E214627E6001F136E /* Build configuration list for PBXNativeTarget "UISplitViewController_MasterDetailTemplate_v2Tests" */;
			buildPhases = (
				52982AF3214627E6001F136E /* Sources */,
				52982AF4214627E6001F136E /* Frameworks */,
				52982AF5214627E6001F136E /* Resources */,
			);
			buildRules = (
			);
			dependencies = (
				52982AF9214627E6001F136E /* PBXTargetDependency */,
			);
			name = UISplitViewController_MasterDetailTemplate_v2Tests;
			productName = UISplitViewController_MasterDetailTemplate_v2Tests;
			productReference = 52982AF7214627E6001F136E /* UISplitViewController_MasterDetailTemplate_v2Tests.xctest */;
			productType = "com.apple.product-type.bundle.unit-test";
		};
		52982B01214627E6001F136E /* UISplitViewController_MasterDetailTemplate_v2UITests */ = {
			isa = PBXNativeTarget;
			buildConfigurationList = 52982B11214627E6001F136E /* Build configuration list for PBXNativeTarget "UISplitViewController_MasterDetailTemplate_v2UITests" */;
			buildPhases = (
				52982AFE214627E6001F136E /* Sources */,
				52982AFF214627E6001F136E /* Frameworks */,
				52982B00214627E6001F136E /* Resources */,
			);
			buildRules = (
			);
			dependencies = (
				52982B04214627E6001F136E /* PBXTargetDependency */,
			);
			name = UISplitViewController_MasterDetailTemplate_v2UITests;
			productName = UISplitViewController_MasterDetailTemplate_v2UITests;
			productReference = 52982B02214627E6001F136E /* UISplitViewController_MasterDetailTemplate_v2UITests.xctest */;
			productType = "com.apple.product-type.bundle.ui-testing";
		};
/* End PBXNativeTarget section */

/* Begin PBXProject section */
		52982ADB214627E6001F136E /* Project object */ = {
			isa = PBXProject;
			attributes = {
				LastSwiftUpdateCheck = 0720;
				LastUpgradeCheck = 0720;
				ORGANIZATIONNAME = Viet;
				TargetAttributes = {
					52982AE2214627E6001F136E = {
						CreatedOnToolsVersion = 7.2.1;
					};
					52982AF6214627E6001F136E = {
						CreatedOnToolsVersion = 7.2.1;
						TestTargetID = 52982AE2214627E6001F136E;
					};
					52982B01214627E6001F136E = {
						CreatedOnToolsVersion = 7.2.1;
						TestTargetID = 52982AE2214627E6001F136E;
					};
				};
			};
			buildConfigurationList = 52982ADE214627E6001F136E /* Build configuration list for PBXProject "UISplitViewController_MasterDetailTemplate_v2" */;
			compatibilityVersion = "Xcode 3.2";
			developmentRegion = English;
			hasScannedForEncodings = 0;
			knownRegions = (
				en,
				Base,
			);
			mainGroup = 52982ADA214627E6001F136E;
			productRefGroup = 52982AE4214627E6001F136E /* Products */;
			projectDirPath = "";
			projectRoot = "";
			targets = (
				52982AE2214627E6001F136E /* UISplitViewController_MasterDetailTemplate_v2 */,
				52982AF6214627E6001F136E /* UISplitViewController_MasterDetailTemplate_v2Tests */,
				52982B01214627E6001F136E /* UISplitViewController_MasterDetailTemplate_v2UITests */,
			);
		};
/* End PBXProject section */

/* Begin PBXResourcesBuildPhase section */
		52982AE1214627E6001F136E /* Resources */ = {
			isa = PBXResourcesBuildPhase;
			buildActionMask = 2147483647;
			files = (
				52982AF1214627E6001F136E /* LaunchScreen.storyboard in Resources */,
				52982AEE214627E6001F136E /* Assets.xcassets in Resources */,
				52982AEC214627E6001F136E /* Main.storyboard in Resources */,
			);
			runOnlyForDeploymentPostprocessing = 0;
		};
		52982AF5214627E6001F136E /* Resources */ = {
			isa = PBXResourcesBuildPhase;
			buildActionMask = 2147483647;
			files = (
			);
			runOnlyForDeploymentPostprocessing = 0;
		};
		52982B00214627E6001F136E /* Resources */ = {
			isa = PBXResourcesBuildPhase;
			buildActionMask = 2147483647;
			files = (
			);
			runOnlyForDeploymentPostprocessing = 0;
		};
/* End PBXResourcesBuildPhase section */

/* Begin PBXSourcesBuildPhase section */
		52982ADF214627E6001F136E /* Sources */ = {
			isa = PBXSourcesBuildPhase;
			buildActionMask = 2147483647;
			files = (
				52982AE9214627E6001F136E /* ViewController.swift in Sources */,
				52982AE7214627E6001F136E /* AppDelegate.swift in Sources */,
			);
			runOnlyForDeploymentPostprocessing = 0;
		};
		52982AF3214627E6001F136E /* Sources */ = {
			isa = PBXSourcesBuildPhase;
			buildActionMask = 2147483647;
			files = (
				52982AFC214627E6001F136E /* UISplitViewController_MasterDetailTemplate_v2Tests.swift in Sources */,
			);
			runOnlyForDeploymentPostprocessing = 0;
		};
		52982AFE214627E6001F136E /* Sources */ = {
			isa = PBXSourcesBuildPhase;
			buildActionMask = 2147483647;
			files = (
				52982B07214627E6001F136E /* UISplitViewController_MasterDetailTemplate_v2UITests.swift in Sources */,
			);
			runOnlyForDeploymentPostprocessing = 0;
		};
/* End PBXSourcesBuildPhase section */

/* Begin PBXTargetDependency section */
		52982AF9214627E6001F136E /* PBXTargetDependency */ = {
			isa = PBXTargetDependency;
			target = 52982AE2214627E6001F136E /* UISplitViewController_MasterDetailTemplate_v2 */;
			targetProxy = 52982AF8214627E6001F136E /* PBXContainerItemProxy */;
		};
		52982B04214627E6001F136E /* PBXTargetDependency */ = {
			isa = PBXTargetDependency;
			target = 52982AE2214627E6001F136E /* UISplitViewController_MasterDetailTemplate_v2 */;
			targetProxy = 52982B03214627E6001F136E /* PBXContainerItemProxy */;
		};
/* End PBXTargetDependency section */

/* Begin PBXVariantGroup section */
		52982AEA214627E6001F136E /* Main.storyboard */ = {
			isa = PBXVariantGroup;
			children = (
				52982AEB214627E6001F136E /* Base */,
			);
			name = Main.storyboard;
			sourceTree = "<group>";
		};
		52982AEF214627E6001F136E /* LaunchScreen.storyboard */ = {
			isa = PBXVariantGroup;
			children = (
				52982AF0214627E6001F136E /* Base */,
			);
			name = LaunchScreen.storyboard;
			sourceTree = "<group>";
		};
/* End PBXVariantGroup section */

/* Begin XCBuildConfiguration section */
		52982B09214627E6001F136E /* Debug */ = {
			isa = XCBuildConfiguration;
			buildSettings = {
				ALWAYS_SEARCH_USER_PATHS = NO;
				CLANG_CXX_LANGUAGE_STANDARD = "gnu++0x";
				CLANG_CXX_LIBRARY = "libc++";
				CLANG_ENABLE_MODULES = YES;
				CLANG_ENABLE_OBJC_ARC = YES;
				CLANG_WARN_BOOL_CONVERSION = YES;
				CLANG_WARN_CONSTANT_CONVERSION = YES;
				CLANG_WARN_DIRECT_OBJC_ISA_USAGE = YES_ERROR;
				CLANG_WARN_EMPTY_BODY = YES;
				CLANG_WARN_ENUM_CONVERSION = YES;
				CLANG_WARN_INT_CONVERSION = YES;
				CLANG_WARN_OBJC_ROOT_CLASS = YES_ERROR;
				CLANG_WARN_UNREACHABLE_CODE = YES;
				CLANG_WARN__DUPLICATE_METHOD_MATCH = YES;
				"CODE_SIGN_IDENTITY[sdk=iphoneos*]" = "iPhone Developer";
				COPY_PHASE_STRIP = NO;
				DEBUG_INFORMATION_FORMAT = dwarf;
				ENABLE_STRICT_OBJC_MSGSEND = YES;
				ENABLE_TESTABILITY = YES;
				GCC_C_LANGUAGE_STANDARD = gnu99;
				GCC_DYNAMIC_NO_PIC = NO;
				GCC_NO_COMMON_BLOCKS = YES;
				GCC_OPTIMIZATION_LEVEL = 0;
				GCC_PREPROCESSOR_DEFINITIONS = (
					"DEBUG=1",
					"$(inherited)",
				);
				GCC_WARN_64_TO_32_BIT_CONVERSION = YES;
				GCC_WARN_ABOUT_RETURN_TYPE = YES_ERROR;
				GCC_WARN_UNDECLARED_SELECTOR = YES;
				GCC_WARN_UNINITIALIZED_AUTOS = YES_AGGRESSIVE;
				GCC_WARN_UNUSED_FUNCTION = YES;
				GCC_WARN_UNUSED_VARIABLE = YES;
				IPHONEOS_DEPLOYMENT_TARGET = 9.2;
				MTL_ENABLE_DEBUG_INFO = YES;
				ONLY_ACTIVE_ARCH = YES;
				SDKROOT = iphoneos;
				SWIFT_OPTIMIZATION_LEVEL = "-Onone";
			};
			name = Debug;
		};
		52982B0A214627E6001F136E /* Release */ = {
			isa = XCBuildConfiguration;
			buildSettings = {
				ALWAYS_SEARCH_USER_PATHS = NO;
				CLANG_CXX_LANGUAGE_STANDARD = "gnu++0x";
				CLANG_CXX_LIBRARY = "libc++";
				CLANG_ENABLE_MODULES = YES;
				CLANG_ENABLE_OBJC_ARC = YES;
				CLANG_WARN_BOOL_CONVERSION = YES;
				CLANG_WARN_CONSTANT_CONVERSION = YES;
				CLANG_WARN_DIRECT_OBJC_ISA_USAGE = YES_ERROR;
				CLANG_WARN_EMPTY_BODY = YES;
				CLANG_WARN_ENUM_CONVERSION = YES;
				CLANG_WARN_INT_CONVERSION = YES;
				CLANG_WARN_OBJC_ROOT_CLASS = YES_ERROR;
				CLANG_WARN_UNREACHABLE_CODE = YES;
				CLANG_WARN__DUPLICATE_METHOD_MATCH = YES;
				"CODE_SIGN_IDENTITY[sdk=iphoneos*]" = "iPhone Developer";
				COPY_PHASE_STRIP = NO;
				DEBUG_INFORMATION_FORMAT = "dwarf-with-dsym";
				ENABLE_NS_ASSERTIONS = NO;
				ENABLE_STRICT_OBJC_MSGSEND = YES;
				GCC_C_LANGUAGE_STANDARD = gnu99;
				GCC_NO_COMMON_BLOCKS = YES;
				GCC_WARN_64_TO_32_BIT_CONVERSION = YES;
				GCC_WARN_ABOUT_RETURN_TYPE = YES_ERROR;
				GCC_WARN_UNDECLARED_SELECTOR = YES;
				GCC_WARN_UNINITIALIZED_AUTOS = YES_AGGRESSIVE;
				GCC_WARN_UNUSED_FUNCTION = YES;
				GCC_WARN_UNUSED_VARIABLE = YES;
				IPHONEOS_DEPLOYMENT_TARGET = 9.2;
				MTL_ENABLE_DEBUG_INFO = NO;
				SDKROOT = iphoneos;
				VALIDATE_PRODUCT = YES;
			};
			name = Release;
		};
		52982B0C214627E6001F136E /* Debug */ = {
			isa = XCBuildConfiguration;
			buildSettings = {
				ASSETCATALOG_COMPILER_APPICON_NAME = AppIcon;
				INFOPLIST_FILE = UISplitViewController_MasterDetailTemplate_v2/Info.plist;
				LD_RUNPATH_SEARCH_PATHS = "$(inherited) @executable_path/Frameworks";
				PRODUCT_BUNDLE_IDENTIFIER = "Viet.UISplitViewController-MasterDetailTemplate-v2";
				PRODUCT_NAME = "$(TARGET_NAME)";
			};
			name = Debug;
		};
		52982B0D214627E6001F136E /* Release */ = {
			isa = XCBuildConfiguration;
			buildSettings = {
				ASSETCATALOG_COMPILER_APPICON_NAME = AppIcon;
				INFOPLIST_FILE = UISplitViewController_MasterDetailTemplate_v2/Info.plist;
				LD_RUNPATH_SEARCH_PATHS = "$(inherited) @executable_path/Frameworks";
				PRODUCT_BUNDLE_IDENTIFIER = "Viet.UISplitViewController-MasterDetailTemplate-v2";
				PRODUCT_NAME = "$(TARGET_NAME)";
			};
			name = Release;
		};
		52982B0F214627E6001F136E /* Debug */ = {
			isa = XCBuildConfiguration;
			buildSettings = {
				BUNDLE_LOADER = "$(TEST_HOST)";
				INFOPLIST_FILE = UISplitViewController_MasterDetailTemplate_v2Tests/Info.plist;
				LD_RUNPATH_SEARCH_PATHS = "$(inherited) @executable_path/Frameworks @loader_path/Frameworks";
				PRODUCT_BUNDLE_IDENTIFIER = "Viet.UISplitViewController-MasterDetailTemplate-v2Tests";
				PRODUCT_NAME = "$(TARGET_NAME)";
				TEST_HOST = "$(BUILT_PRODUCTS_DIR)/UISplitViewController_MasterDetailTemplate_v2.app/UISplitViewController_MasterDetailTemplate_v2";
			};
			name = Debug;
		};
		52982B10214627E6001F136E /* Release */ = {
			isa = XCBuildConfiguration;
			buildSettings = {
				BUNDLE_LOADER = "$(TEST_HOST)";
				INFOPLIST_FILE = UISplitViewController_MasterDetailTemplate_v2Tests/Info.plist;
				LD_RUNPATH_SEARCH_PATHS = "$(inherited) @executable_path/Frameworks @loader_path/Frameworks";
				PRODUCT_BUNDLE_IDENTIFIER = "Viet.UISplitViewController-MasterDetailTemplate-v2Tests";
				PRODUCT_NAME = "$(TARGET_NAME)";
				TEST_HOST = "$(BUILT_PRODUCTS_DIR)/UISplitViewController_MasterDetailTemplate_v2.app/UISplitViewController_MasterDetailTemplate_v2";
			};
			name = Release;
		};
		52982B12214627E6001F136E /* Debug */ = {
			isa = XCBuildConfiguration;
			buildSettings = {
				INFOPLIST_FILE = UISplitViewController_MasterDetailTemplate_v2UITests/Info.plist;
				LD_RUNPATH_SEARCH_PATHS = "$(inherited) @executable_path/Frameworks @loader_path/Frameworks";
				PRODUCT_BUNDLE_IDENTIFIER = "Viet.UISplitViewController-MasterDetailTemplate-v2UITests";
				PRODUCT_NAME = "$(TARGET_NAME)";
				TEST_TARGET_NAME = UISplitViewController_MasterDetailTemplate_v2;
				USES_XCTRUNNER = YES;
			};
			name = Debug;
		};
		52982B13214627E6001F136E /* Release */ = {
			isa = XCBuildConfiguration;
			buildSettings = {
				INFOPLIST_FILE = UISplitViewController_MasterDetailTemplate_v2UITests/Info.plist;
				LD_RUNPATH_SEARCH_PATHS = "$(inherited) @executable_path/Frameworks @loader_path/Frameworks";
				PRODUCT_BUNDLE_IDENTIFIER = "Viet.UISplitViewController-MasterDetailTemplate-v2UITests";
				PRODUCT_NAME = "$(TARGET_NAME)";
				TEST_TARGET_NAME = UISplitViewController_MasterDetailTemplate_v2;
				USES_XCTRUNNER = YES;
			};
			name = Release;
		};
/* End XCBuildConfiguration section */

/* Begin XCConfigurationList section */
		52982ADE214627E6001F136E /* Build configuration list for PBXProject "UISplitViewController_MasterDetailTemplate_v2" */ = {
			isa = XCConfigurationList;
			buildConfigurations = (
				52982B09214627E6001F136E /* Debug */,
				52982B0A214627E6001F136E /* Release */,
			);
			defaultConfigurationIsVisible = 0;
			defaultConfigurationName = Release;
		};
		52982B0B214627E6001F136E /* Build configuration list for PBXNativeTarget "UISplitViewController_MasterDetailTemplate_v2" */ = {
			isa = XCConfigurationList;
			buildConfigurations = (
				52982B0C214627E6001F136E /* Debug */,
				52982B0D214627E6001F136E /* Release */,
			);
			defaultConfigurationIsVisible = 0;
		};
		52982B0E214627E6001F136E /* Build configuration list for PBXNativeTarget "UISplitViewController_MasterDetailTemplate_v2Tests" */ = {
			isa = XCConfigurationList;
			buildConfigurations = (
				52982B0F214627E6001F136E /* Debug */,
				52982B10214627E6001F136E /* Release */,
			);
			defaultConfigurationIsVisible = 0;
		};
		52982B11214627E6001F136E /* Build configuration list for PBXNativeTarget "UISplitViewController_MasterDetailTemplate_v2UITests" */ = {
			isa = XCConfigurationList;
			buildConfigurations = (
				52982B12214627E6001F136E /* Debug */,
				52982B13214627E6001F136E /* Release */,
			);
			defaultConfigurationIsVisible = 0;
		};
/* End XCConfigurationList section */
	};
	rootObject = 52982ADB214627E6001F136E /* Project object */;
}
